<?xml version="1.0" encoding="utf-8"?>
<Project ToolsVersion="4.0" xmlns="http://schemas.microsoft.com/developer/msbuild/2003">
  <ItemGroup>
    <Filter Include="Pliki źródłowe">
      <UniqueIdentifier>{4FC737F1-C7A5-4376-A066-2A32D752A2FF}</UniqueIdentifier>
      <Extensions>cpp;c;cc;cxx;c++;cppm;ixx;def;odl;idl;hpj;bat;asm;asmx</Extensions>
    </Filter>
    <Filter Include="Pliki nagłówkowe">
      <UniqueIdentifier>{93995380-89BD-4b04-88EB-625FBE52EBFB}</UniqueIdentifier>
      <Extensions>h;hh;hpp;hxx;h++;hm;inl;inc;ipp;xsd</Extensions>
    </Filter>
    <Filter Include="Pliki zasobów">
      <UniqueIdentifier>{67DA6AB6-F800-4c08-8B7A-83BB121AAD01}</UniqueIdentifier>
      <Extensions>rc;ico;cur;bmp;dlg;rc2;rct;bin;rgs;gif;jpg;jpeg;jpe;resx;tiff;tif;png;wav;mfcribbon-ms</Extensions>
    </Filter>
    <Filter Include="Pliki źródłowe\menu">
      <UniqueIdentifier>{05bc2e26-0e57-49f9-b54f-9910c5d94584}</UniqueIdentifier>
    </Filter>
    <Filter Include="Pliki źródłowe\menu\button">
      <UniqueIdentifier>{f8247681-2ac7-4638-9278-327f71bbb5cb}</UniqueIdentifier>
    </Filter>
    <Filter Include="Pliki źródłowe\loadSettings">
      <UniqueIdentifier>{8932b5ee-13f1-44a4-be25-5d09806b3e1e}</UniqueIdentifier>
    </Filter>
    <Filter Include="Pliki nagłówkowe\state">
      <UniqueIdentifier>{d06f8d09-57e4-439e-8054-00d14e4a34f3}</UniqueIdentifier>
    </Filter>
    <Filter Include="Pliki nagłówkowe\playState">
      <UniqueIdentifier>{77db7327-ca52-4001-ad93-e464a64bf249}</UniqueIdentifier>
    </Filter>
    <Filter Include="Pliki źródłowe\Key">
      <UniqueIdentifier>{ad2c08a6-e8a6-4ba1-ba68-6715db14298b}</UniqueIdentifier>
    </Filter>
    <Filter Include="Pliki źródłowe\menu\inputBox">
      <UniqueIdentifier>{fe5dfbd7-6480-429e-8bc8-879c743cf454}</UniqueIdentifier>
    </Filter>
    <Filter Include="Pliki źródłowe\objects">
      <UniqueIdentifier>{ff3bef83-ecae-413f-9085-c7c960712b50}</UniqueIdentifier>
    </Filter>
    <Filter Include="Pliki źródłowe\objects\player">
      <UniqueIdentifier>{e0146a2f-f405-4994-ab7f-080ff0ec9e6d}</UniqueIdentifier>
    </Filter>
    <Filter Include="Pliki źródłowe\objects\object">
      <UniqueIdentifier>{713fff23-54aa-4fdc-9ec0-abb2346a8efa}</UniqueIdentifier>
    </Filter>
    <Filter Include="Pliki źródłowe\objects\character">
      <UniqueIdentifier>{5888ec3f-4de9-4b56-9bd5-cd2a092b601f}</UniqueIdentifier>
    </Filter>
    <Filter Include="Pliki źródłowe\menu\tutorialSlide">
      <UniqueIdentifier>{819b8b7c-f91d-4bc8-93bf-a0b3ddf74ea5}</UniqueIdentifier>
    </Filter>
    <Filter Include="Pliki źródłowe\renderer">
      <UniqueIdentifier>{035bd3bb-d6c0-448f-aba1-390e349b54a4}</UniqueIdentifier>
    </Filter>
    <Filter Include="Pliki źródłowe\menu\slideBox">
      <UniqueIdentifier>{ba62d7d0-76c3-45e2-abfc-e5fbd1c92982}</UniqueIdentifier>
    </Filter>
    <Filter Include="Pliki źródłowe\state">
      <UniqueIdentifier>{dc908ce2-b141-4292-b36d-49f5f506bdca}</UniqueIdentifier>
    </Filter>
    <Filter Include="Pliki źródłowe\state\play">
      <UniqueIdentifier>{d9a7c3d5-f111-42c9-a4b2-541cd4cb925e}</UniqueIdentifier>
    </Filter>
    <Filter Include="Pliki źródłowe\menu\equipementBox">
      <UniqueIdentifier>{9d06fa99-3430-4661-acd5-512e1bc5d9da}</UniqueIdentifier>
    </Filter>
    <Filter Include="Pliki źródłowe\menu\equipementBox\itemBox">
      <UniqueIdentifier>{fd329b95-60f0-4073-96fd-967e08f2fe8b}</UniqueIdentifier>
    </Filter>
    <Filter Include="Pliki źródłowe\menu\choiceBox">
      <UniqueIdentifier>{c036f7ed-c007-4577-9850-9af560687f71}</UniqueIdentifier>
    </Filter>
    <Filter Include="Pliki źródłowe\objects\npc">
      <UniqueIdentifier>{3f61d6c3-8f25-462f-8d16-f7ee929c9966}</UniqueIdentifier>
    </Filter>
    <Filter Include="Pliki źródłowe\load">
      <UniqueIdentifier>{fba7362b-44d7-46e2-a0e4-70e180e57577}</UniqueIdentifier>
    </Filter>
    <Filter Include="Pliki źródłowe\load\bodyParts">
      <UniqueIdentifier>{3d770958-a3c7-4c18-8e94-7b73676ecd47}</UniqueIdentifier>
    </Filter>
  </ItemGroup>
  <ItemGroup>
    <ClCompile Include="IO Project.c">
      <Filter>Pliki źródłowe</Filter>
    </ClCompile>
    <ClCompile Include="object2D.c">
      <Filter>Pliki źródłowe\objects\object</Filter>
    </ClCompile>
    <ClCompile Include="player.c">
      <Filter>Pliki źródłowe\objects\player</Filter>
    </ClCompile>
    <ClCompile Include="menu.c">
      <Filter>Pliki źródłowe\state</Filter>
    </ClCompile>
    <ClCompile Include="button.c">
      <Filter>Pliki źródłowe\menu\button</Filter>
    </ClCompile>
    <ClCompile Include="newGame.c">
      <Filter>Pliki źródłowe\state</Filter>
    </ClCompile>
    <ClCompile Include="loadGame.c">
      <Filter>Pliki źródłowe\state</Filter>
    </ClCompile>
    <ClCompile Include="settings.c">
      <Filter>Pliki źródłowe\state</Filter>
    </ClCompile>
    <ClCompile Include="equipement.c">
      <Filter>Pliki źródłowe\state\play</Filter>
    </ClCompile>
    <ClCompile Include="explore.c">
      <Filter>Pliki źródłowe\state\play</Filter>
    </ClCompile>
    <ClCompile Include="map.c">
      <Filter>Pliki źródłowe\state\play</Filter>
    </ClCompile>
    <ClCompile Include="save.c">
      <Filter>Pliki źródłowe\state\play</Filter>
    </ClCompile>
    <ClCompile Include="pause.c">
      <Filter>Pliki źródłowe\state\play</Filter>
    </ClCompile>
    <ClCompile Include="fight.c">
      <Filter>Pliki źródłowe\state\play</Filter>
    </ClCompile>
    <ClCompile Include="dialog.c">
      <Filter>Pliki źródłowe\state\play</Filter>
    </ClCompile>
    <ClCompile Include="shop.c">
      <Filter>Pliki źródłowe\state\play</Filter>
    </ClCompile>
    <ClCompile Include="training.c">
      <Filter>Pliki źródłowe\state\play</Filter>
    </ClCompile>
    <ClCompile Include="play.c">
      <Filter>Pliki źródłowe\state</Filter>
    </ClCompile>
    <ClCompile Include="state.c">
      <Filter>Pliki nagłówkowe\state</Filter>
    </ClCompile>
    <ClCompile Include="loadSettings.c">
      <Filter>Pliki źródłowe\loadSettings</Filter>
    </ClCompile>
    <ClCompile Include="playState.c">
      <Filter>Pliki nagłówkowe\playState</Filter>
    </ClCompile>
    <ClCompile Include="ModUpdateCamera.c">
      <Filter>Pliki źródłowe\Key</Filter>
    </ClCompile>
    <ClCompile Include="inputBox.c">
      <Filter>Pliki źródłowe\menu\inputBox</Filter>
    </ClCompile>
    <ClCompile Include="choiceBox.c">
      <Filter>Pliki źródłowe\menu\choiceBox</Filter>
    </ClCompile>
    <ClCompile Include="character.c">
      <Filter>Pliki źródłowe\objects\character</Filter>
    </ClCompile>
    <ClCompile Include="renderer.c">
      <Filter>Pliki źródłowe\renderer</Filter>
    </ClCompile>
    <ClCompile Include="tutorialSlide.c">
      <Filter>Pliki źródłowe\menu\tutorialSlide</Filter>
    </ClCompile>
    <ClCompile Include="slideBox.c">
      <Filter>Pliki źródłowe\menu\slideBox</Filter>
    </ClCompile>
    <ClCompile Include="tutorial.c">
      <Filter>Pliki źródłowe\state</Filter>
    </ClCompile>
    <ClCompile Include="slideBox.c">
      <Filter>Pliki źródłowe</Filter>
    </ClCompile>
    <ClCompile Include="itemBox.c">
      <Filter>Pliki źródłowe\menu\equipementBox\itemBox</Filter>
    </ClCompile>
    <ClCompile Include="equipementsBox.c">
      <Filter>Pliki źródłowe\menu\equipementBox</Filter>
    </ClCompile>
    <ClCompile Include="npc.c">
      <Filter>Pliki źródłowe\objects\npc</Filter>
    </ClCompile>
    <ClCompile Include="achievements.c">
      <Filter>Pliki źródłowe\state\play</Filter>
    </ClCompile>
    <ClCompile Include="loadBodyParts.c">
      <Filter>Pliki źródłowe\load\bodyParts</Filter>
    </ClCompile>
    <ClCompile Include="loadArmor.c">
      <Filter>Pliki źródłowe\load\bodyParts</Filter>
    </ClCompile>
  </ItemGroup>
  <ItemGroup>
    <ClInclude Include="object2D.h">
      <Filter>Pliki źródłowe\objects\object</Filter>
    </ClInclude>
    <ClInclude Include="player.h">
      <Filter>Pliki źródłowe\objects\player</Filter>
    </ClInclude>
    <ClInclude Include="loadSettings.h">
      <Filter>Pliki źródłowe\loadSettings</Filter>
    </ClInclude>
    <ClInclude Include="state.h">
      <Filter>Pliki nagłówkowe\state</Filter>
    </ClInclude>
    <ClInclude Include="playState.h">
      <Filter>Pliki nagłówkowe\playState</Filter>
    </ClInclude>
    <ClInclude Include="ModUpdateCamera.h">
      <Filter>Pliki źródłowe\Key</Filter>
    </ClInclude>
    <ClInclude Include="inputBox.h">
      <Filter>Pliki źródłowe\menu\inputBox</Filter>
    </ClInclude>
    <ClInclude Include="button.h">
      <Filter>Pliki źródłowe\menu\button</Filter>
    </ClInclude>
    <ClInclude Include="choiceBox.h">
      <Filter>Pliki źródłowe\menu\choiceBox</Filter>
    </ClInclude>
    <ClInclude Include="character.h">
      <Filter>Pliki źródłowe\objects\character</Filter>
    </ClInclude>
    <ClInclude Include="renderer.h">
      <Filter>Pliki źródłowe\renderer</Filter>
    </ClInclude>
    <ClInclude Include="tutorialSlide.h">
      <Filter>Pliki źródłowe\menu\tutorialSlide</Filter>
    </ClInclude>
    <ClInclude Include="menuElements.h">
      <Filter>Pliki źródłowe\menu</Filter>
    </ClInclude>
    <ClInclude Include="slideBox.h">
      <Filter>Pliki źródłowe\menu\slideBox</Filter>
    </ClInclude>
    <ClInclude Include="menuElements.h">
      <Filter>Pliki nagłówkowe</Filter>
    </ClInclude>
    <ClInclude Include="slideBox.h">
      <Filter>Pliki nagłówkowe</Filter>
    </ClInclude>
    <ClInclude Include="itemBox.h">
      <Filter>Pliki źródłowe\menu\equipementBox\itemBox</Filter>
    </ClInclude>
    <ClInclude Include="equipementBox.h">
      <Filter>Pliki źródłowe\menu\equipementBox</Filter>
    </ClInclude>
    <ClInclude Include="npc.h">
      <Filter>Pliki źródłowe\objects\npc</Filter>
    </ClInclude>
    <ClInclude Include="load.h">
      <Filter>Pliki źródłowe\load</Filter>
    </ClInclude>
  </ItemGroup>
</Project>