<?xml version="1.0" encoding="utf-8"?>
<Project ToolsVersion="4.0" xmlns="http://schemas.microsoft.com/developer/msbuild/2003">
  <ItemGroup>
    <Filter Include="Pliki źródłowe">
      <UniqueIdentifier>{4FC737F1-C7A5-4376-A066-2A32D752A2FF}</UniqueIdentifier>
      <Extensions>cpp;c;cc;cxx;c++;cppm;ixx;def;odl;idl;hpj;bat;asm;asmx</Extensions>
    </Filter>
    <Filter Include="Pliki nagłówkowe">
      <UniqueIdentifier>{93995380-89BD-4b04-88EB-625FBE52EBFB}</UniqueIdentifier>
      <Extensions>h;hh;hpp;hxx;h++;hm;inl;inc;ipp;xsd</Extensions>
    </Filter>
    <Filter Include="Pliki zasobów">
      <UniqueIdentifier>{67DA6AB6-F800-4c08-8B7A-83BB121AAD01}</UniqueIdentifier>
      <Extensions>rc;ico;cur;bmp;dlg;rc2;rct;bin;rgs;gif;jpg;jpeg;jpe;resx;tiff;tif;png;wav;mfcribbon-ms</Extensions>
    </Filter>
    <Filter Include="Pliki źródłowe\menu">
      <UniqueIdentifier>{05bc2e26-0e57-49f9-b54f-9910c5d94584}</UniqueIdentifier>
    </Filter>
    <Filter Include="Pliki źródłowe\menu\button">
      <UniqueIdentifier>{f8247681-2ac7-4638-9278-327f71bbb5cb}</UniqueIdentifier>
    </Filter>
    <Filter Include="Pliki nagłówkowe\state">
      <UniqueIdentifier>{d06f8d09-57e4-439e-8054-00d14e4a34f3}</UniqueIdentifier>
    </Filter>
    <Filter Include="Pliki nagłówkowe\playState">
      <UniqueIdentifier>{77db7327-ca52-4001-ad93-e464a64bf249}</UniqueIdentifier>
    </Filter>
    <Filter Include="Pliki źródłowe\menu\inputBox">
      <UniqueIdentifier>{fe5dfbd7-6480-429e-8bc8-879c743cf454}</UniqueIdentifier>
    </Filter>
    <Filter Include="Pliki źródłowe\objects">
      <UniqueIdentifier>{ff3bef83-ecae-413f-9085-c7c960712b50}</UniqueIdentifier>
    </Filter>
    <Filter Include="Pliki źródłowe\menu\tutorialSlide">
      <UniqueIdentifier>{819b8b7c-f91d-4bc8-93bf-a0b3ddf74ea5}</UniqueIdentifier>
    </Filter>
    <Filter Include="Pliki źródłowe\renderer">
      <UniqueIdentifier>{035bd3bb-d6c0-448f-aba1-390e349b54a4}</UniqueIdentifier>
    </Filter>
    <Filter Include="Pliki źródłowe\menu\slideBox">
      <UniqueIdentifier>{ba62d7d0-76c3-45e2-abfc-e5fbd1c92982}</UniqueIdentifier>
    </Filter>
    <Filter Include="Pliki źródłowe\state">
      <UniqueIdentifier>{dc908ce2-b141-4292-b36d-49f5f506bdca}</UniqueIdentifier>
    </Filter>
    <Filter Include="Pliki źródłowe\state\play">
      <UniqueIdentifier>{d9a7c3d5-f111-42c9-a4b2-541cd4cb925e}</UniqueIdentifier>
    </Filter>
    <Filter Include="Pliki źródłowe\menu\equipementBox">
      <UniqueIdentifier>{9d06fa99-3430-4661-acd5-512e1bc5d9da}</UniqueIdentifier>
    </Filter>
    <Filter Include="Pliki źródłowe\menu\choiceBox">
      <UniqueIdentifier>{c036f7ed-c007-4577-9850-9af560687f71}</UniqueIdentifier>
    </Filter>
    <Filter Include="Pliki źródłowe\menu\choiceBox\saveData">
      <UniqueIdentifier>{01b9e571-fe57-4b56-8dea-88dfd6c1122e}</UniqueIdentifier>
    </Filter>
    <Filter Include="Pliki źródłowe\additions">
      <UniqueIdentifier>{c819062c-a4a4-4e98-b51b-f69887357099}</UniqueIdentifier>
    </Filter>
    <Filter Include="Pliki źródłowe\additions\fscanfWithAllocation">
      <UniqueIdentifier>{30d0d079-6aae-4f81-97c1-ac8b89b6e9cc}</UniqueIdentifier>
    </Filter>
    <Filter Include="Pliki źródłowe\menu\shopInterface">
      <UniqueIdentifier>{b1f5fe5e-316b-4712-b15b-0e6158618223}</UniqueIdentifier>
    </Filter>
    <Filter Include="Pliki źródłowe\menu\itemBox">
      <UniqueIdentifier>{fd329b95-60f0-4073-96fd-967e08f2fe8b}</UniqueIdentifier>
    </Filter>
    <Filter Include="Pliki źródłowe\menu\slideBox\string">
      <UniqueIdentifier>{ee0091ae-ed8f-47d2-a15c-4816a138413c}</UniqueIdentifier>
    </Filter>
    <Filter Include="Pliki źródłowe\menu\slideBox\numbers">
      <UniqueIdentifier>{6a4c376f-ba2f-425f-b13e-2258acaad0b3}</UniqueIdentifier>
    </Filter>
    <Filter Include="Pliki źródłowe\objects\hitbox">
      <UniqueIdentifier>{3f61d6c3-8f25-462f-8d16-f7ee929c9966}</UniqueIdentifier>
    </Filter>
    <Filter Include="Pliki nagłówkowe\resources">
      <UniqueIdentifier>{ecb495d7-7510-4398-b29f-5f968a53ed19}</UniqueIdentifier>
    </Filter>
    <Filter Include="Pliki nagłówkowe\saveFile">
      <UniqueIdentifier>{b8afc04a-3bbd-4131-a7a9-10be10baadeb}</UniqueIdentifier>
    </Filter>
    <Filter Include="Pliki nagłówkowe\resources\functions">
      <UniqueIdentifier>{9ee4ef57-07e4-4e40-979e-f50b008b7c9e}</UniqueIdentifier>
    </Filter>
    <Filter Include="Pliki nagłówkowe\saveFile\functions">
      <UniqueIdentifier>{d0b2bcec-cada-48f1-b433-a7ee4a495e2b}</UniqueIdentifier>
    </Filter>
    <Filter Include="Pliki nagłówkowe\state\settings">
      <UniqueIdentifier>{8932b5ee-13f1-44a4-be25-5d09806b3e1e}</UniqueIdentifier>
    </Filter>
    <Filter Include="Pliki źródłowe\objects\types">
      <UniqueIdentifier>{9cc9ff94-01da-49cd-9ce6-2b97500e7b28}</UniqueIdentifier>
    </Filter>
    <Filter Include="Pliki źródłowe\objects\types\characters">
      <UniqueIdentifier>{5888ec3f-4de9-4b56-9bd5-cd2a092b601f}</UniqueIdentifier>
    </Filter>
    <Filter Include="Pliki źródłowe\objects\types\floor">
      <UniqueIdentifier>{ba551b34-9688-4d80-9ac2-3a5f23e20d6e}</UniqueIdentifier>
    </Filter>
    <Filter Include="Pliki źródłowe\objects\types\wall">
      <UniqueIdentifier>{4d56b004-0547-444d-b493-923b066aa5da}</UniqueIdentifier>
    </Filter>
    <Filter Include="Pliki źródłowe\objects\types\characters\types">
      <UniqueIdentifier>{d0d82692-9d96-47b6-b5df-918c4b7ec62d}</UniqueIdentifier>
    </Filter>
    <Filter Include="Pliki źródłowe\objects\types\characters\types\player">
      <UniqueIdentifier>{e0146a2f-f405-4994-ab7f-080ff0ec9e6d}</UniqueIdentifier>
    </Filter>
    <Filter Include="Pliki źródłowe\objects\types\characters\types\seller">
      <UniqueIdentifier>{50fbd292-d303-4b8c-aa9c-05d82c31231a}</UniqueIdentifier>
    </Filter>
    <Filter Include="Pliki źródłowe\objects\types\ceiling">
      <UniqueIdentifier>{1e5f85bb-ee7b-4d0b-9089-797c136fede7}</UniqueIdentifier>
    </Filter>
    <Filter Include="Pliki źródłowe\menu\fighterLabel">
      <UniqueIdentifier>{d1cd8ac7-4c28-4c20-bb89-aa04f226f726}</UniqueIdentifier>
    </Filter>
    <Filter Include="Pliki źródłowe\menu\achievementElem">
      <UniqueIdentifier>{4980273a-728c-4f9c-bdb3-52e1754d9b44}</UniqueIdentifier>
    </Filter>
    <Filter Include="Pliki źródłowe\menu\chooseAction">
      <UniqueIdentifier>{22c996a2-4e51-41b7-b1fd-8b496e2e3a72}</UniqueIdentifier>
    </Filter>
    <Filter Include="Tests">
      <UniqueIdentifier>{52751a31-9b56-4635-8306-62cd9f033591}</UniqueIdentifier>
    </Filter>
  </ItemGroup>
  <ItemGroup>
    <ClCompile Include="player.c">
      <Filter>Pliki źródłowe\objects\types\characters\types\player</Filter>
    </ClCompile>
    <ClCompile Include="menu.c">
      <Filter>Pliki źródłowe\state</Filter>
    </ClCompile>
    <ClCompile Include="button.c">
      <Filter>Pliki źródłowe\menu\button</Filter>
    </ClCompile>
    <ClCompile Include="newGame.c">
      <Filter>Pliki źródłowe\state</Filter>
    </ClCompile>
    <ClCompile Include="loadGame.c">
      <Filter>Pliki źródłowe\state</Filter>
    </ClCompile>
    <ClCompile Include="settings.c">
      <Filter>Pliki źródłowe\state</Filter>
    </ClCompile>
    <ClCompile Include="equipement.c">
      <Filter>Pliki źródłowe\state\play</Filter>
    </ClCompile>
    <ClCompile Include="explore.c">
      <Filter>Pliki źródłowe\state\play</Filter>
    </ClCompile>
    <ClCompile Include="save.c">
      <Filter>Pliki źródłowe\state\play</Filter>
    </ClCompile>
    <ClCompile Include="pause.c">
      <Filter>Pliki źródłowe\state\play</Filter>
    </ClCompile>
    <ClCompile Include="fight.c">
      <Filter>Pliki źródłowe\state\play</Filter>
    </ClCompile>
    <ClCompile Include="dialog.c">
      <Filter>Pliki źródłowe\state\play</Filter>
    </ClCompile>
    <ClCompile Include="shop.c">
      <Filter>Pliki źródłowe\state\play</Filter>
    </ClCompile>
    <ClCompile Include="play.c">
      <Filter>Pliki źródłowe\state</Filter>
    </ClCompile>
    <ClCompile Include="state.c">
      <Filter>Pliki nagłówkowe\state</Filter>
    </ClCompile>
    <ClCompile Include="loadSettings.c">
      <Filter>Pliki nagłówkowe\state\settings</Filter>
    </ClCompile>
    <ClCompile Include="playState.c">
      <Filter>Pliki nagłówkowe\playState</Filter>
    </ClCompile>
    <ClCompile Include="inputBox.c">
      <Filter>Pliki źródłowe\menu\inputBox</Filter>
    </ClCompile>
    <ClCompile Include="choiceBox.c">
      <Filter>Pliki źródłowe\menu\choiceBox</Filter>
    </ClCompile>
    <ClCompile Include="renderer.c">
      <Filter>Pliki źródłowe\renderer</Filter>
    </ClCompile>
    <ClCompile Include="tutorialSlide.c">
      <Filter>Pliki źródłowe\menu\tutorialSlide</Filter>
    </ClCompile>
    <ClCompile Include="tutorial.c">
      <Filter>Pliki źródłowe\state</Filter>
    </ClCompile>
    <ClCompile Include="itemBox.c">
      <Filter>Pliki źródłowe\menu\itemBox</Filter>
    </ClCompile>
    <ClCompile Include="equipementsBox.c">
      <Filter>Pliki źródłowe\menu\equipementBox</Filter>
    </ClCompile>
    <ClCompile Include="hitbox.c">
      <Filter>Pliki źródłowe\objects\hitbox</Filter>
    </ClCompile>
    <ClCompile Include="achievements.c">
      <Filter>Pliki źródłowe\state\play</Filter>
    </ClCompile>
    <ClCompile Include="fscanfWithAllocation.c">
      <Filter>Pliki źródłowe\additions\fscanfWithAllocation</Filter>
    </ClCompile>
    <ClCompile Include="saveData.c">
      <Filter>Pliki źródłowe\menu\choiceBox\saveData</Filter>
    </ClCompile>
    <ClCompile Include="shopInterface.c">
      <Filter>Pliki źródłowe\menu\shopInterface</Filter>
    </ClCompile>
    <ClCompile Include="IO Project.c">
      <Filter>Pliki źródłowe</Filter>
    </ClCompile>
    <ClCompile Include="characterCreator.c">
      <Filter>Pliki źródłowe\state</Filter>
    </ClCompile>
    <ClCompile Include="deathScreen.c">
      <Filter>Pliki źródłowe\state\play</Filter>
    </ClCompile>
    <ClCompile Include="numberSlideBox.c">
      <Filter>Pliki źródłowe\menu\slideBox\numbers</Filter>
    </ClCompile>
    <ClCompile Include="stringSlideBox.c">
      <Filter>Pliki źródłowe\menu\slideBox\string</Filter>
    </ClCompile>
    <ClCompile Include="floor.c">
      <Filter>Pliki źródłowe\objects\types\floor</Filter>
    </ClCompile>
    <ClCompile Include="wall.c">
      <Filter>Pliki źródłowe\objects\types\wall</Filter>
    </ClCompile>
    <ClCompile Include="camera.c">
      <Filter>Pliki źródłowe\objects\types\characters\types\player</Filter>
    </ClCompile>
    <ClCompile Include="loadResources.c">
      <Filter>Pliki nagłówkowe\resources\functions</Filter>
    </ClCompile>
    <ClCompile Include="unloadResources.c">
      <Filter>Pliki nagłówkowe\resources\functions</Filter>
    </ClCompile>
    <ClCompile Include="createSaveFile.c">
      <Filter>Pliki nagłówkowe\saveFile\functions</Filter>
    </ClCompile>
    <ClCompile Include="loadSaveFile.c">
      <Filter>Pliki nagłówkowe\saveFile\functions</Filter>
    </ClCompile>
    <ClCompile Include="saveSaveFile.c">
      <Filter>Pliki nagłówkowe\saveFile\functions</Filter>
    </ClCompile>
    <ClCompile Include="unloadSaveFile.c">
      <Filter>Pliki nagłówkowe\saveFile\functions</Filter>
    </ClCompile>
    <ClCompile Include="character.c">
      <Filter>Pliki źródłowe\objects\types\characters</Filter>
    </ClCompile>
    <ClCompile Include="ceiling.c">
      <Filter>Pliki źródłowe\objects\types\ceiling</Filter>
    </ClCompile>
    <ClCompile Include="fighterLabel.c">
      <Filter>Pliki źródłowe\menu\fighterLabel</Filter>
    </ClCompile>
    <ClCompile Include="achievementElem.c">
      <Filter>Pliki źródłowe\menu\achievementElem</Filter>
    </ClCompile>
    <ClCompile Include="chooseAction.c">
      <Filter>Pliki źródłowe\menu\chooseAction</Filter>
    </ClCompile>
    <ClCompile Include="test_achievement.c">
      <Filter>Tests</Filter>
    </ClCompile>
    <ClCompile Include="main_test.c">
      <Filter>Tests</Filter>
    </ClCompile>
  </ItemGroup>
  <ItemGroup>
    <ClInclude Include="player.h">
      <Filter>Pliki źródłowe\objects\types\characters\types\player</Filter>
    </ClInclude>
    <ClInclude Include="settings.h">
      <Filter>Pliki nagłówkowe\state\settings</Filter>
    </ClInclude>
    <ClInclude Include="state.h">
      <Filter>Pliki nagłówkowe\state</Filter>
    </ClInclude>
    <ClInclude Include="playState.h">
      <Filter>Pliki nagłówkowe\playState</Filter>
    </ClInclude>
    <ClInclude Include="inputBox.h">
      <Filter>Pliki źródłowe\menu\inputBox</Filter>
    </ClInclude>
    <ClInclude Include="button.h">
      <Filter>Pliki źródłowe\menu\button</Filter>
    </ClInclude>
    <ClInclude Include="choiceBox.h">
      <Filter>Pliki źródłowe\menu\choiceBox</Filter>
    </ClInclude>
    <ClInclude Include="renderer.h">
      <Filter>Pliki źródłowe\renderer</Filter>
    </ClInclude>
    <ClInclude Include="tutorialSlide.h">
      <Filter>Pliki źródłowe\menu\tutorialSlide</Filter>
    </ClInclude>
    <ClInclude Include="menuElements.h">
      <Filter>Pliki źródłowe\menu</Filter>
    </ClInclude>
    <ClInclude Include="menuElements.h">
      <Filter>Pliki nagłówkowe</Filter>
    </ClInclude>
    <ClInclude Include="itemBox.h">
      <Filter>Pliki źródłowe\menu\itemBox</Filter>
    </ClInclude>
    <ClInclude Include="equipementBox.h">
      <Filter>Pliki źródłowe\menu\equipementBox</Filter>
    </ClInclude>
    <ClInclude Include="hitbox.h">
      <Filter>Pliki źródłowe\objects\hitbox</Filter>
    </ClInclude>
    <ClInclude Include="fscanfWithAllocation.h">
      <Filter>Pliki źródłowe\additions\fscanfWithAllocation</Filter>
    </ClInclude>
    <ClInclude Include="saveData.h">
      <Filter>Pliki źródłowe\menu\choiceBox\saveData</Filter>
    </ClInclude>
    <ClInclude Include="shopInterface.h">
      <Filter>Pliki źródłowe\menu\shopInterface</Filter>
    </ClInclude>
    <ClInclude Include="seller.h">
      <Filter>Pliki źródłowe\objects\types\characters\types\seller</Filter>
    </ClInclude>
    <ClInclude Include="numberSlideBox.h">
      <Filter>Pliki źródłowe\menu\slideBox\numbers</Filter>
    </ClInclude>
    <ClInclude Include="stringSlideBox.h">
      <Filter>Pliki źródłowe\menu\slideBox\string</Filter>
    </ClInclude>
    <ClInclude Include="floor.h">
      <Filter>Pliki źródłowe\objects\types\floor</Filter>
    </ClInclude>
    <ClInclude Include="wall.h">
      <Filter>Pliki źródłowe\objects\types\wall</Filter>
    </ClInclude>
    <ClInclude Include="resources.h">
      <Filter>Pliki nagłówkowe\resources</Filter>
    </ClInclude>
    <ClInclude Include="savefile.h">
      <Filter>Pliki nagłówkowe\saveFile</Filter>
    </ClInclude>
    <ClInclude Include="object2D.h">
      <Filter>Pliki źródłowe\objects</Filter>
    </ClInclude>
    <ClInclude Include="character.h">
      <Filter>Pliki źródłowe\objects\types\characters</Filter>
    </ClInclude>
    <ClInclude Include="ceiling.h">
      <Filter>Pliki źródłowe\objects\types\ceiling</Filter>
    </ClInclude>
    <ClInclude Include="fighterLabel.h">
      <Filter>Pliki źródłowe\menu\fighterLabel</Filter>
    </ClInclude>
    <ClInclude Include="achievementElem.h">
      <Filter>Pliki źródłowe\menu\achievementElem</Filter>
    </ClInclude>
    <ClInclude Include="chooseAction.h">
      <Filter>Pliki źródłowe\menu\chooseAction</Filter>
    </ClInclude>
  </ItemGroup>
</Project>